
Microsoft Visual Studio Solution File, Format Version 12.00
Project("{FAE04EC0-301F-11D3-BF4B-00C04F79EFBC}") = "AvaloniaApplication1", "AvaloniaApplication1\AvaloniaApplication1.csproj", "{12E906B8-DB05-4646-B2F5-2BC32B16784B}"
EndProject
Global
	GlobalSection(SolutionConfigurationPlatforms) = preSolution
		Debug|Any CPU = Debug|Any CPU
		Release|Any CPU = Release|Any CPU
	EndGlobalSection
	GlobalSection(ProjectConfigurationPlatforms) = postSolution
		{12E906B8-DB05-4646-B2F5-2BC32B16784B}.Debug|Any CPU.ActiveCfg = Debug|Any CPU
		{12E906B8-DB05-4646-B2F5-2BC32B16784B}.Debug|Any CPU.Build.0 = Debug|Any CPU
		{12E906B8-DB05-4646-B2F5-2BC32B16784B}.Release|Any CPU.ActiveCfg = Release|Any CPU
		{12E906B8-DB05-4646-B2F5-2BC32B16784B}.Release|Any CPU.Build.0 = Release|Any CPU
	EndGlobalSection
EndGlobal
